PODS:
  - DACircularProgress (2.3.1)
  - FLAnimatedImage (1.0.10)
  - PINCache (2.1.2)
  - PINRemoteImage (1.2):
    - FLAnimatedImage (>= 1.0)
    - PINCache (>= 2.1)
  - pop (1.0.8)

DEPENDENCIES:
  - DACircularProgress
  - PINRemoteImage (= 1.2)
  - pop

SPEC CHECKSUMS:
  DACircularProgress: 4dd437c0fc3da5161cb289e07ac449493d41db71
  FLAnimatedImage: e16a1e1cef08e4c509b47e4acbe3923f65c16135
  PINCache: 9e70271f1bdd60c0465b7208adcc4b6acc1fc376
  PINRemoteImage: 6951a2bfa2e35196906b10bc9febb5d75a64f062
  pop: bb773ae2c791ca2629de13b347e7a8b450fa6a57

COCOAPODS: 0.38.2
